{
  "nodes": {
    "crx-updater": {
      "inputs": {
        "nixpkgs": [
          "nixpkgs"
        ],
        "zig-flake": "zig-flake"
      },
      "locked": {
        "lastModified": 1779717258,
        "narHash": "sha256-c9XTHAW4pKNIQfRHVhYvQh6FWzDs66EQaSsO5E28W/k=",
        "ref": "refs/heads/main",
        "rev": "b458cb6a7eab9ca2e404fb50bb4b7df9c0d16eb4",
        "revCount": 18,
        "type": "git",
        "url": "https://codeberg.org/mikastiv/crx-updater"
      },
      "original": {
        "type": "git",
        "url": "https://codeberg.org/mikastiv/crx-updater"
      }
    },
    "helix": {
      "inputs": {
        "nixpkgs": [
          "nixpkgs"
        ],
        "rust-overlay": "rust-overlay"
      },
      "locked": {
        "lastModified": 1780243315,
        "narHash": "sha256-KS/cH1OiTA9ei88kgjnSXiYVNudIuyot5XpM9wq7Hj8=",
        "owner": "helix-editor",
        "repo": "helix",
        "rev": "bb7d1e53beeb1d3a954dcb842de1db17783b79cd",
        "type": "github"
      },
      "original": {
        "owner": "helix-editor",
        "repo": "helix",
        "type": "github"
      }
    },
    "home-manager": {
      "inputs": {
        "nixpkgs": [
          "nixpkgs"
        ]
      },
      "locked": {
        "lastModified": 1779726825,
        "narHash": "sha256-RUkMrREjKDQrA+dA9+xZviGAxM5W1aVdyOr/bSYpHrE=",
        "owner": "nix-community",
        "repo": "home-manager",
        "rev": "b179bde238977f7d4454fc770b1a727eaf55111c",
        "type": "github"
      },
      "original": {
        "owner": "nix-community",
        "ref": "release-26.05",
        "repo": "home-manager",
        "type": "github"
      }
    },
    "nixpkgs": {
      "locked": {
        "lastModified": 1780051219,
        "narHash": "sha256-WnxzG4x47uCgjz+uD+vOzbF+Qid+hKyYdJWbduA9w7g=",
        "owner": "nixos",
        "repo": "nixpkgs",
        "rev": "e8e446a361172fe838243958325845d0b845c5e5",
        "type": "github"
      },
      "original": {
        "owner": "nixos",
        "ref": "nixos-26.05",
        "repo": "nixpkgs",
        "type": "github"
      }
    },
    "nixpkgs-unstable": {
      "locked": {
        "lastModified": 1780030872,
        "narHash": "sha256-u6WU/yd/o8iYQrHX3RAwO1hYa3LkoSL+WNQD0rJfJZQ=",
        "owner": "nixos",
        "repo": "nixpkgs",
        "rev": "e9a7635a57597d9754eccebdfc7045e6c8600e6b",
        "type": "github"
      },
      "original": {
        "owner": "nixos",
        "ref": "nixpkgs-unstable",
        "repo": "nixpkgs",
        "type": "github"
      }
    },
    "root": {
      "inputs": {
        "crx-updater": "crx-updater",
        "helix": "helix",
        "home-manager": "home-manager",
        "nixpkgs": "nixpkgs",
        "nixpkgs-unstable": "nixpkgs-unstable",
        "zig-completions": "zig-completions",
        "ziginit": "ziginit"
      }
    },
    "rust-overlay": {
      "inputs": {
        "nixpkgs": [
          "helix",
          "nixpkgs"
        ]
      },
      "locked": {
        "lastModified": 1775358767,
        "narHash": "sha256-f2eC+WIfhjevCPQILuV08i/kmKZzYZpUvkom/33VxCA=",
        "owner": "oxalica",
        "repo": "rust-overlay",
        "rev": "20fd44bc663daa53a2575e01293e24e681d62244",
        "type": "github"
      },
      "original": {
        "owner": "oxalica",
        "repo": "rust-overlay",
        "type": "github"
      }
    },
    "zig-completions": {
      "flake": false,
      "locked": {
        "lastModified": 1764066384,
        "narHash": "sha256-+sV3BitKhALNQys3u+wsMSHTH3QxoRZ1i75fazIgOjQ=",
        "ref": "refs/heads/master",
        "rev": "c2983a75dcbcaf3a1df74ab563a9bd3c8e7f448e",
        "revCount": 18,
        "type": "git",
        "url": "https://codeberg.org/ziglang/shell-completions"
      },
      "original": {
        "type": "git",
        "url": "https://codeberg.org/ziglang/shell-completions"
      }
    },
    "zig-flake": {
      "inputs": {
        "nixpkgs": [
          "crx-updater",
          "nixpkgs"
        ]
      },
      "locked": {
        "lastModified": 1779686841,
        "narHash": "sha256-9C1ubbSNiLYhgt7pFsJXikfT3drxwyqFj3GkXlQjTLk=",
        "owner": "silversquirl",
        "repo": "zig-flake",
        "rev": "c38c296072214d70608630fad7d552c995038d32",
        "type": "github"
      },
      "original": {
        "owner": "silversquirl",
        "repo": "zig-flake",
        "type": "github"
      }
    },
    "zig-flake_2": {
      "inputs": {
        "nixpkgs": [
          "ziginit",
          "nixpkgs"
        ]
      },
      "locked": {
        "lastModified": 1779826381,
        "narHash": "sha256-IiAPzTRC6EYGwQcVdJOyvQ2dArHQqNfwtZ1jlwYg5mw=",
        "owner": "silversquirl",
        "repo": "zig-flake",
        "rev": "f83b1ef1c012eaacf194d06703cd7d70839f6201",
        "type": "github"
      },
      "original": {
        "owner": "silversquirl",
        "repo": "zig-flake",
        "type": "github"
      }
    },
    "ziginit": {
      "inputs": {
        "nixpkgs": [
          "nixpkgs"
        ],
        "zig-flake": "zig-flake_2"
      },
      "locked": {
        "lastModified": 1780170714,
        "narHash": "sha256-iMPjbBYSgFLxUW4ZW5sNIi1rorq7VyZkGGgHYI86jcw=",
        "ref": "refs/heads/main",
        "rev": "3f2e7aefb01a7b1df230959b425b92e66f9fe04f",
        "revCount": 17,
        "type": "git",
        "url": "https://codeberg.org/mikastiv/ziginit"
      },
      "original": {
        "type": "git",
        "url": "https://codeberg.org/mikastiv/ziginit"
      }
    }
  },
  "root": "root",
  "version": 7
}
