{
  "nodes": {
    "crx-updater": {
      "inputs": {
        "nixpkgs": [
          "nixpkgs"
        ],
        "zig-flake": "zig-flake"
      },
      "locked": {
        "lastModified": 1779717258,
        "narHash": "sha256-c9XTHAW4pKNIQfRHVhYvQh6FWzDs66EQaSsO5E28W/k=",
        "ref": "refs/heads/main",
        "rev": "b458cb6a7eab9ca2e404fb50bb4b7df9c0d16eb4",
        "revCount": 18,
        "type": "git",
        "url": "https://codeberg.org/mikastiv/crx-updater"
      },
      "original": {
        "type": "git",
        "url": "https://codeberg.org/mikastiv/crx-updater"
      }
    },
    "flake-compat": {
      "flake": false,
      "locked": {
        "lastModified": 1761588595,
        "narHash": "sha256-XKUZz9zewJNUj46b4AJdiRZJAvSZ0Dqj2BNfXvFlJC4=",
        "owner": "edolstra",
        "repo": "flake-compat",
        "rev": "f387cd2afec9419c8ee37694406ca490c3f34ee5",
        "type": "github"
      },
      "original": {
        "owner": "edolstra",
        "repo": "flake-compat",
        "type": "github"
      }
    },
    "ghostty": {
      "inputs": {
        "flake-compat": "flake-compat",
        "home-manager": "home-manager",
        "nixpkgs": "nixpkgs",
        "zig": "zig",
        "zon2nix": "zon2nix"
      },
      "locked": {
        "lastModified": 1773417630,
        "narHash": "sha256-+ddMmUe9Jjkun4qqW8XFXVgwVZdVHsGWcQzndgIlBjQ=",
        "owner": "ghostty-org",
        "repo": "ghostty",
        "rev": "332b2aefc6e72d363aa93ab6ecfc86eeeeb5ed28",
        "type": "github"
      },
      "original": {
        "owner": "ghostty-org",
        "ref": "v1.3.1",
        "repo": "ghostty",
        "type": "github"
      }
    },
    "helix": {
      "inputs": {
        "nixpkgs": [
          "nixpkgs"
        ],
        "rust-overlay": "rust-overlay"
      },
      "locked": {
        "lastModified": 1780243315,
        "narHash": "sha256-KS/cH1OiTA9ei88kgjnSXiYVNudIuyot5XpM9wq7Hj8=",
        "owner": "helix-editor",
        "repo": "helix",
        "rev": "bb7d1e53beeb1d3a954dcb842de1db17783b79cd",
        "type": "github"
      },
      "original": {
        "owner": "helix-editor",
        "repo": "helix",
        "type": "github"
      }
    },
    "home-manager": {
      "inputs": {
        "nixpkgs": [
          "ghostty",
          "nixpkgs"
        ]
      },
      "locked": {
        "lastModified": 1770586272,
        "narHash": "sha256-Ucci8mu8QfxwzyfER2DQDbvW9t1BnTUJhBmY7ybralo=",
        "owner": "nix-community",
        "repo": "home-manager",
        "rev": "b1f916ba052341edc1f80d4b2399f1092a4873ca",
        "type": "github"
      },
      "original": {
        "owner": "nix-community",
        "repo": "home-manager",
        "type": "github"
      }
    },
    "home-manager_2": {
      "inputs": {
        "nixpkgs": [
          "nixpkgs"
        ]
      },
      "locked": {
        "lastModified": 1779726825,
        "narHash": "sha256-RUkMrREjKDQrA+dA9+xZviGAxM5W1aVdyOr/bSYpHrE=",
        "owner": "nix-community",
        "repo": "home-manager",
        "rev": "b179bde238977f7d4454fc770b1a727eaf55111c",
        "type": "github"
      },
      "original": {
        "owner": "nix-community",
        "ref": "release-26.05",
        "repo": "home-manager",
        "type": "github"
      }
    },
    "nixpkgs": {
      "locked": {
        "lastModified": 1770537093,
        "narHash": "sha256-XV30uo8tXuxdzuV8l3sojmlPRLd/8tpMsOp4lNzLGUo=",
        "rev": "fef9403a3e4d31b0a23f0bacebbec52c248fbb51",
        "type": "tarball",
        "url": "https://releases.nixos.org/nixpkgs/nixpkgs-26.05pre942631.fef9403a3e4d/nixexprs.tar.xz"
      },
      "original": {
        "type": "tarball",
        "url": "https://channels.nixos.org/nixpkgs-unstable/nixexprs.tar.xz"
      }
    },
    "nixpkgs-unstable": {
      "locked": {
        "lastModified": 1780030872,
        "narHash": "sha256-u6WU/yd/o8iYQrHX3RAwO1hYa3LkoSL+WNQD0rJfJZQ=",
        "owner": "nixos",
        "repo": "nixpkgs",
        "rev": "e9a7635a57597d9754eccebdfc7045e6c8600e6b",
        "type": "github"
      },
      "original": {
        "owner": "nixos",
        "ref": "nixpkgs-unstable",
        "repo": "nixpkgs",
        "type": "github"
      }
    },
    "nixpkgs_2": {
      "locked": {
        "lastModified": 1780051219,
        "narHash": "sha256-WnxzG4x47uCgjz+uD+vOzbF+Qid+hKyYdJWbduA9w7g=",
        "owner": "nixos",
        "repo": "nixpkgs",
        "rev": "e8e446a361172fe838243958325845d0b845c5e5",
        "type": "github"
      },
      "original": {
        "owner": "nixos",
        "ref": "nixos-26.05",
        "repo": "nixpkgs",
        "type": "github"
      }
    },
    "root": {
      "inputs": {
        "crx-updater": "crx-updater",
        "ghostty": "ghostty",
        "helix": "helix",
        "home-manager": "home-manager_2",
        "nixpkgs": "nixpkgs_2",
        "nixpkgs-unstable": "nixpkgs-unstable",
        "zig-completions": "zig-completions",
        "ziginit": "ziginit"
      }
    },
    "rust-overlay": {
      "inputs": {
        "nixpkgs": [
          "helix",
          "nixpkgs"
        ]
      },
      "locked": {
        "lastModified": 1775358767,
        "narHash": "sha256-f2eC+WIfhjevCPQILuV08i/kmKZzYZpUvkom/33VxCA=",
        "owner": "oxalica",
        "repo": "rust-overlay",
        "rev": "20fd44bc663daa53a2575e01293e24e681d62244",
        "type": "github"
      },
      "original": {
        "owner": "oxalica",
        "repo": "rust-overlay",
        "type": "github"
      }
    },
    "systems": {
      "flake": false,
      "locked": {
        "lastModified": 1681028828,
        "narHash": "sha256-Vy1rq5AaRuLzOxct8nz4T6wlgyUR7zLU309k9mBC768=",
        "owner": "nix-systems",
        "repo": "default",
        "rev": "da67096a3b9bf56a91d16901293e51ba5b49a27e",
        "type": "github"
      },
      "original": {
        "owner": "nix-systems",
        "repo": "default",
        "type": "github"
      }
    },
    "zig": {
      "inputs": {
        "flake-compat": [
          "ghostty",
          "flake-compat"
        ],
        "nixpkgs": [
          "ghostty",
          "nixpkgs"
        ],
        "systems": "systems"
      },
      "locked": {
        "lastModified": 1773145353,
        "narHash": "sha256-dE8zx8WA54TRmFFQBvA48x/sXGDTP7YaDmY6nNKMAYw=",
        "owner": "mitchellh",
        "repo": "zig-overlay",
        "rev": "8666155d83bf792956a7c40915508e6d4b2b8716",
        "type": "github"
      },
      "original": {
        "owner": "mitchellh",
        "repo": "zig-overlay",
        "type": "github"
      }
    },
    "zig-completions": {
      "flake": false,
      "locked": {
        "lastModified": 1764066384,
        "narHash": "sha256-+sV3BitKhALNQys3u+wsMSHTH3QxoRZ1i75fazIgOjQ=",
        "ref": "refs/heads/master",
        "rev": "c2983a75dcbcaf3a1df74ab563a9bd3c8e7f448e",
        "revCount": 18,
        "type": "git",
        "url": "https://codeberg.org/ziglang/shell-completions"
      },
      "original": {
        "type": "git",
        "url": "https://codeberg.org/ziglang/shell-completions"
      }
    },
    "zig-flake": {
      "inputs": {
        "nixpkgs": [
          "crx-updater",
          "nixpkgs"
        ]
      },
      "locked": {
        "lastModified": 1779686841,
        "narHash": "sha256-9C1ubbSNiLYhgt7pFsJXikfT3drxwyqFj3GkXlQjTLk=",
        "owner": "silversquirl",
        "repo": "zig-flake",
        "rev": "c38c296072214d70608630fad7d552c995038d32",
        "type": "github"
      },
      "original": {
        "owner": "silversquirl",
        "repo": "zig-flake",
        "type": "github"
      }
    },
    "zig-flake_2": {
      "inputs": {
        "nixpkgs": [
          "ziginit",
          "nixpkgs"
        ]
      },
      "locked": {
        "lastModified": 1779826381,
        "narHash": "sha256-IiAPzTRC6EYGwQcVdJOyvQ2dArHQqNfwtZ1jlwYg5mw=",
        "owner": "silversquirl",
        "repo": "zig-flake",
        "rev": "f83b1ef1c012eaacf194d06703cd7d70839f6201",
        "type": "github"
      },
      "original": {
        "owner": "silversquirl",
        "repo": "zig-flake",
        "type": "github"
      }
    },
    "ziginit": {
      "inputs": {
        "nixpkgs": [
          "nixpkgs"
        ],
        "zig-flake": "zig-flake_2"
      },
      "locked": {
        "lastModified": 1780170714,
        "narHash": "sha256-iMPjbBYSgFLxUW4ZW5sNIi1rorq7VyZkGGgHYI86jcw=",
        "ref": "refs/heads/main",
        "rev": "3f2e7aefb01a7b1df230959b425b92e66f9fe04f",
        "revCount": 17,
        "type": "git",
        "url": "https://codeberg.org/mikastiv/ziginit"
      },
      "original": {
        "type": "git",
        "url": "https://codeberg.org/mikastiv/ziginit"
      }
    },
    "zon2nix": {
      "inputs": {
        "nixpkgs": [
          "ghostty",
          "nixpkgs"
        ]
      },
      "locked": {
        "lastModified": 1768231828,
        "narHash": "sha256-wL/8Iij4T2OLkhHcc4NieOjf7YeJffaUYbCiCqKv/+0=",
        "owner": "jcollie",
        "repo": "zon2nix",
        "rev": "c28e93f3ba133d4c1b1d65224e2eebede61fd071",
        "type": "github"
      },
      "original": {
        "owner": "jcollie",
        "repo": "zon2nix",
        "rev": "c28e93f3ba133d4c1b1d65224e2eebede61fd071",
        "type": "github"
      }
    }
  },
  "root": "root",
  "version": 7
}
